
Microsoft Visual Studio Solution File, Format Version 12.00
# Visual Studio 2013
VisualStudioVersion = 12.0.21005.1
MinimumVisualStudioVersion = 10.0.40219.1
Project("{FAE04EC0-301F-11D3-BF4B-00C04F79EFBC}") = "SampeProgram", "SampeProgram\SampeProgram.csproj", "{B6EA05FA-3990-4644-8F08-3698215DD06A}"
EndProject
Project("{FAE04EC0-301F-11D3-BF4B-00C04F79EFBC}") = "SimpleTest", "SimpleTest\SimpleTest.csproj", "{716FE797-C94C-40B1-894D-D94495F2EEEC}"
EndProject
Project("{FAE04EC0-301F-11D3-BF4B-00C04F79EFBC}") = "DelegateExample", "DelegateExample\DelegateExample.csproj", "{0B35F145-88CE-40AF-BFD6-6B34A89B48A6}"
EndProject
Project("{FAE04EC0-301F-11D3-BF4B-00C04F79EFBC}") = "EmployeeProgram", "EmployeeProgram\EmployeeProgram.csproj", "{2EDB9A5C-5234-4D4E-AFB1-404E28D7FB28}"
EndProject
Project("{FAE04EC0-301F-11D3-BF4B-00C04F79EFBC}") = "XMLParsing", "XMLParsing\XMLParsing.csproj", "{20D364B3-1BA8-44ED-81E5-D549DF8D2974}"
EndProject
Project("{FAE04EC0-301F-11D3-BF4B-00C04F79EFBC}") = "Palindrome", "Palindrome\Palindrome.csproj", "{EE6CE392-4E49-4A3F-B6DF-A890B6D8A3FE}"
EndProject
Project("{FAE04EC0-301F-11D3-BF4B-00C04F79EFBC}") = "Factorial", "Factorial\Factorial.csproj", "{07C64CC5-9551-4E88-BA68-6779391D9A9B}"
EndProject
Project("{FAE04EC0-301F-11D3-BF4B-00C04F79EFBC}") = "Prime", "Prime\Prime.csproj", "{A89A560D-89C9-4533-A6E2-DE4BAA1CFF3F}"
EndProject
Project("{FAE04EC0-301F-11D3-BF4B-00C04F79EFBC}") = "Encapsulation", "Encapsulation\Encapsulation.csproj", "{D670F04D-6500-4D16-9821-A6EC6C9BFFC7}"
EndProject
Project("{FAE04EC0-301F-11D3-BF4B-00C04F79EFBC}") = "DependencyInjection", "DependencyInjection\DependencyInjection.csproj", "{12320F4B-299A-4E0C-8C8C-CD721B7F5832}"
EndProject
Project("{FAE04EC0-301F-11D3-BF4B-00C04F79EFBC}") = "InterfaceExample", "InterfaceExample\InterfaceExample.csproj", "{1403C92F-1C12-4AF4-AD40-3120EBBA2621}"
EndProject
Project("{FAE04EC0-301F-11D3-BF4B-00C04F79EFBC}") = "DISample", "DISample\DISample.csproj", "{3FC1C25A-2A1C-4BB8-B09F-57131EDB6BBC}"
EndProject
Project("{FAE04EC0-301F-11D3-BF4B-00C04F79EFBC}") = "DISampleNew", "DISampleNew\DISampleNew.csproj", "{07B5DB7D-2822-4B34-852E-00E28C8AAC80}"
EndProject
Project("{FAE04EC0-301F-11D3-BF4B-00C04F79EFBC}") = "ExceptionHandling", "ExceptionHandling\ExceptionHandling.csproj", "{F19D6371-07EA-46AF-B99E-B36ABC93BD55}"
EndProject
Project("{FAE04EC0-301F-11D3-BF4B-00C04F79EFBC}") = "CustomException", "CustomException\CustomException.csproj", "{E854931A-C626-4A7D-83DF-1E7BBFAB44F7}"
EndProject
Project("{FAE04EC0-301F-11D3-BF4B-00C04F79EFBC}") = "DatabaseConnExample", "CookiesExample\DatabaseConnExample.csproj", "{4E2DABE5-EBBE-42F9-B59B-991DF83FEBD4}"
EndProject
Project("{FAE04EC0-301F-11D3-BF4B-00C04F79EFBC}") = "OledbExample", "OledbExample\OledbExample.csproj", "{24742FC3-296B-4734-8B79-F7A7EB8765AE}"
EndProject
Project("{FAE04EC0-301F-11D3-BF4B-00C04F79EFBC}") = "SamplePOC", "SamplePOC\SamplePOC.csproj", "{93BA4135-4816-417D-93D8-7A1CFA1DCD88}"
EndProject
Project("{FAE04EC0-301F-11D3-BF4B-00C04F79EFBC}") = "AutoItExample", "AutoItExample\AutoItExample.csproj", "{463A7D3D-3B48-440F-94A6-7A81F2DC5C99}"
EndProject
Project("{FAE04EC0-301F-11D3-BF4B-00C04F79EFBC}") = "DictionaryExample", "DictionaryExample\DictionaryExample.csproj", "{958B8F9C-4877-4CF4-AD90-96C079885C28}"
EndProject
Project("{FAE04EC0-301F-11D3-BF4B-00C04F79EFBC}") = "ConstructorExample", "ConstructorExample\ConstructorExample.csproj", "{29358968-0142-44D2-93F7-450D9EB5001B}"
EndProject
Project("{FAE04EC0-301F-11D3-BF4B-00C04F79EFBC}") = "ParameterTypes", "ParameterTypes\ParameterTypes.csproj", "{8CF1F18E-704A-456F-8D52-36BAFF1858CD}"
EndProject
Project("{FAE04EC0-301F-11D3-BF4B-00C04F79EFBC}") = "ReflectionExample", "ReflectionExample\ReflectionExample.csproj", "{8AAF5B4D-E311-4C02-9CF1-E96D58F9C995}"
EndProject
Project("{FAE04EC0-301F-11D3-BF4B-00C04F79EFBC}") = "PDFReader", "PDFReader\PDFReader.csproj", "{0297ACCB-A311-4FBB-9CC0-A55CF0A75E66}"
EndProject
Project("{FAE04EC0-301F-11D3-BF4B-00C04F79EFBC}") = "PDFOperation", "PDFOperation\PDFOperation.csproj", "{0456902B-285F-4ABD-B540-608A7F0A87B6}"
EndProject
Project("{FAE04EC0-301F-11D3-BF4B-00C04F79EFBC}") = "MethodHiding", "MethodHiding\MethodHiding.csproj", "{395E4C5D-7350-4D35-BC0C-0AC44641CE2C}"
EndProject
Project("{FAE04EC0-301F-11D3-BF4B-00C04F79EFBC}") = "PolymorphismExample", "PolymorphismExample\PolymorphismExample.csproj", "{C865531E-0BBA-4B16-96C1-67B685F14E1C}"
EndProject
Project("{FAE04EC0-301F-11D3-BF4B-00C04F79EFBC}") = "PrePost", "PrePost\PrePost.csproj", "{6A4881EC-A9DE-41B5-8859-AA41B6AB12F8}"
EndProject
Project("{FAE04EC0-301F-11D3-BF4B-00C04F79EFBC}") = "OperatorOverloading", "OperatorOverloading\OperatorOverloading.csproj", "{5ABE2930-468B-4CCA-A6F0-DE6E77901427}"
EndProject
Project("{FAE04EC0-301F-11D3-BF4B-00C04F79EFBC}") = "SamplePDF", "SamplePDF\SamplePDF.csproj", "{2D72CB28-1390-43B0-93A8-CE5332BE4BA0}"
EndProject
Project("{FAE04EC0-301F-11D3-BF4B-00C04F79EFBC}") = "StringOperations", "StringOperations\StringOperations.csproj", "{EFBF8A7E-8B37-42B6-A607-F5B9BB25C4AA}"
EndProject
Project("{FAE04EC0-301F-11D3-BF4B-00C04F79EFBC}") = "GenericCollection", "GenericCollection\GenericCollection.csproj", "{B78A105A-1548-445E-8E1A-163A3A4DA9D6}"
EndProject
Project("{FAE04EC0-301F-11D3-BF4B-00C04F79EFBC}") = "Fibonacci", "Fibonacci\Fibonacci.csproj", "{E4C30D2B-FACD-47DC-826D-95FFD4831969}"
EndProject
Global
	GlobalSection(SolutionConfigurationPlatforms) = preSolution
		Debug|Any CPU = Debug|Any CPU
		Release|Any CPU = Release|Any CPU
	EndGlobalSection
	GlobalSection(ProjectConfigurationPlatforms) = postSolution
		{B6EA05FA-3990-4644-8F08-3698215DD06A}.Debug|Any CPU.ActiveCfg = Debug|Any CPU
		{B6EA05FA-3990-4644-8F08-3698215DD06A}.Debug|Any CPU.Build.0 = Debug|Any CPU
		{B6EA05FA-3990-4644-8F08-3698215DD06A}.Release|Any CPU.ActiveCfg = Release|Any CPU
		{B6EA05FA-3990-4644-8F08-3698215DD06A}.Release|Any CPU.Build.0 = Release|Any CPU
		{716FE797-C94C-40B1-894D-D94495F2EEEC}.Debug|Any CPU.ActiveCfg = Debug|Any CPU
		{716FE797-C94C-40B1-894D-D94495F2EEEC}.Debug|Any CPU.Build.0 = Debug|Any CPU
		{716FE797-C94C-40B1-894D-D94495F2EEEC}.Release|Any CPU.ActiveCfg = Release|Any CPU
		{716FE797-C94C-40B1-894D-D94495F2EEEC}.Release|Any CPU.Build.0 = Release|Any CPU
		{0B35F145-88CE-40AF-BFD6-6B34A89B48A6}.Debug|Any CPU.ActiveCfg = Debug|Any CPU
		{0B35F145-88CE-40AF-BFD6-6B34A89B48A6}.Debug|Any CPU.Build.0 = Debug|Any CPU
		{0B35F145-88CE-40AF-BFD6-6B34A89B48A6}.Release|Any CPU.ActiveCfg = Release|Any CPU
		{0B35F145-88CE-40AF-BFD6-6B34A89B48A6}.Release|Any CPU.Build.0 = Release|Any CPU
		{2EDB9A5C-5234-4D4E-AFB1-404E28D7FB28}.Debug|Any CPU.ActiveCfg = Debug|Any CPU
		{2EDB9A5C-5234-4D4E-AFB1-404E28D7FB28}.Debug|Any CPU.Build.0 = Debug|Any CPU
		{2EDB9A5C-5234-4D4E-AFB1-404E28D7FB28}.Release|Any CPU.ActiveCfg = Release|Any CPU
		{2EDB9A5C-5234-4D4E-AFB1-404E28D7FB28}.Release|Any CPU.Build.0 = Release|Any CPU
		{20D364B3-1BA8-44ED-81E5-D549DF8D2974}.Debug|Any CPU.ActiveCfg = Debug|Any CPU
		{20D364B3-1BA8-44ED-81E5-D549DF8D2974}.Debug|Any CPU.Build.0 = Debug|Any CPU
		{20D364B3-1BA8-44ED-81E5-D549DF8D2974}.Release|Any CPU.ActiveCfg = Release|Any CPU
		{20D364B3-1BA8-44ED-81E5-D549DF8D2974}.Release|Any CPU.Build.0 = Release|Any CPU
		{EE6CE392-4E49-4A3F-B6DF-A890B6D8A3FE}.Debug|Any CPU.ActiveCfg = Debug|Any CPU
		{EE6CE392-4E49-4A3F-B6DF-A890B6D8A3FE}.Debug|Any CPU.Build.0 = Debug|Any CPU
		{EE6CE392-4E49-4A3F-B6DF-A890B6D8A3FE}.Release|Any CPU.ActiveCfg = Release|Any CPU
		{EE6CE392-4E49-4A3F-B6DF-A890B6D8A3FE}.Release|Any CPU.Build.0 = Release|Any CPU
		{07C64CC5-9551-4E88-BA68-6779391D9A9B}.Debug|Any CPU.ActiveCfg = Debug|Any CPU
		{07C64CC5-9551-4E88-BA68-6779391D9A9B}.Debug|Any CPU.Build.0 = Debug|Any CPU
		{07C64CC5-9551-4E88-BA68-6779391D9A9B}.Release|Any CPU.ActiveCfg = Release|Any CPU
		{07C64CC5-9551-4E88-BA68-6779391D9A9B}.Release|Any CPU.Build.0 = Release|Any CPU
		{A89A560D-89C9-4533-A6E2-DE4BAA1CFF3F}.Debug|Any CPU.ActiveCfg = Debug|Any CPU
		{A89A560D-89C9-4533-A6E2-DE4BAA1CFF3F}.Debug|Any CPU.Build.0 = Debug|Any CPU
		{A89A560D-89C9-4533-A6E2-DE4BAA1CFF3F}.Release|Any CPU.ActiveCfg = Release|Any CPU
		{A89A560D-89C9-4533-A6E2-DE4BAA1CFF3F}.Release|Any CPU.Build.0 = Release|Any CPU
		{D670F04D-6500-4D16-9821-A6EC6C9BFFC7}.Debug|Any CPU.ActiveCfg = Debug|Any CPU
		{D670F04D-6500-4D16-9821-A6EC6C9BFFC7}.Debug|Any CPU.Build.0 = Debug|Any CPU
		{D670F04D-6500-4D16-9821-A6EC6C9BFFC7}.Release|Any CPU.ActiveCfg = Release|Any CPU
		{D670F04D-6500-4D16-9821-A6EC6C9BFFC7}.Release|Any CPU.Build.0 = Release|Any CPU
		{12320F4B-299A-4E0C-8C8C-CD721B7F5832}.Debug|Any CPU.ActiveCfg = Debug|Any CPU
		{12320F4B-299A-4E0C-8C8C-CD721B7F5832}.Debug|Any CPU.Build.0 = Debug|Any CPU
		{12320F4B-299A-4E0C-8C8C-CD721B7F5832}.Release|Any CPU.ActiveCfg = Release|Any CPU
		{12320F4B-299A-4E0C-8C8C-CD721B7F5832}.Release|Any CPU.Build.0 = Release|Any CPU
		{1403C92F-1C12-4AF4-AD40-3120EBBA2621}.Debug|Any CPU.ActiveCfg = Debug|Any CPU
		{1403C92F-1C12-4AF4-AD40-3120EBBA2621}.Debug|Any CPU.Build.0 = Debug|Any CPU
		{1403C92F-1C12-4AF4-AD40-3120EBBA2621}.Release|Any CPU.ActiveCfg = Release|Any CPU
		{1403C92F-1C12-4AF4-AD40-3120EBBA2621}.Release|Any CPU.Build.0 = Release|Any CPU
		{3FC1C25A-2A1C-4BB8-B09F-57131EDB6BBC}.Debug|Any CPU.ActiveCfg = Debug|Any CPU
		{3FC1C25A-2A1C-4BB8-B09F-57131EDB6BBC}.Debug|Any CPU.Build.0 = Debug|Any CPU
		{3FC1C25A-2A1C-4BB8-B09F-57131EDB6BBC}.Release|Any CPU.ActiveCfg = Release|Any CPU
		{3FC1C25A-2A1C-4BB8-B09F-57131EDB6BBC}.Release|Any CPU.Build.0 = Release|Any CPU
		{07B5DB7D-2822-4B34-852E-00E28C8AAC80}.Debug|Any CPU.ActiveCfg = Debug|Any CPU
		{07B5DB7D-2822-4B34-852E-00E28C8AAC80}.Debug|Any CPU.Build.0 = Debug|Any CPU
		{07B5DB7D-2822-4B34-852E-00E28C8AAC80}.Release|Any CPU.ActiveCfg = Release|Any CPU
		{07B5DB7D-2822-4B34-852E-00E28C8AAC80}.Release|Any CPU.Build.0 = Release|Any CPU
		{F19D6371-07EA-46AF-B99E-B36ABC93BD55}.Debug|Any CPU.ActiveCfg = Debug|Any CPU
		{F19D6371-07EA-46AF-B99E-B36ABC93BD55}.Debug|Any CPU.Build.0 = Debug|Any CPU
		{F19D6371-07EA-46AF-B99E-B36ABC93BD55}.Release|Any CPU.ActiveCfg = Release|Any CPU
		{F19D6371-07EA-46AF-B99E-B36ABC93BD55}.Release|Any CPU.Build.0 = Release|Any CPU
		{E854931A-C626-4A7D-83DF-1E7BBFAB44F7}.Debug|Any CPU.ActiveCfg = Debug|Any CPU
		{E854931A-C626-4A7D-83DF-1E7BBFAB44F7}.Debug|Any CPU.Build.0 = Debug|Any CPU
		{E854931A-C626-4A7D-83DF-1E7BBFAB44F7}.Release|Any CPU.ActiveCfg = Release|Any CPU
		{E854931A-C626-4A7D-83DF-1E7BBFAB44F7}.Release|Any CPU.Build.0 = Release|Any CPU
		{4E2DABE5-EBBE-42F9-B59B-991DF83FEBD4}.Debug|Any CPU.ActiveCfg = Debug|Any CPU
		{4E2DABE5-EBBE-42F9-B59B-991DF83FEBD4}.Debug|Any CPU.Build.0 = Debug|Any CPU
		{4E2DABE5-EBBE-42F9-B59B-991DF83FEBD4}.Release|Any CPU.ActiveCfg = Release|Any CPU
		{4E2DABE5-EBBE-42F9-B59B-991DF83FEBD4}.Release|Any CPU.Build.0 = Release|Any CPU
		{24742FC3-296B-4734-8B79-F7A7EB8765AE}.Debug|Any CPU.ActiveCfg = Debug|Any CPU
		{24742FC3-296B-4734-8B79-F7A7EB8765AE}.Debug|Any CPU.Build.0 = Debug|Any CPU
		{24742FC3-296B-4734-8B79-F7A7EB8765AE}.Release|Any CPU.ActiveCfg = Release|Any CPU
		{24742FC3-296B-4734-8B79-F7A7EB8765AE}.Release|Any CPU.Build.0 = Release|Any CPU
		{93BA4135-4816-417D-93D8-7A1CFA1DCD88}.Debug|Any CPU.ActiveCfg = Debug|Any CPU
		{93BA4135-4816-417D-93D8-7A1CFA1DCD88}.Debug|Any CPU.Build.0 = Debug|Any CPU
		{93BA4135-4816-417D-93D8-7A1CFA1DCD88}.Release|Any CPU.ActiveCfg = Release|Any CPU
		{93BA4135-4816-417D-93D8-7A1CFA1DCD88}.Release|Any CPU.Build.0 = Release|Any CPU
		{463A7D3D-3B48-440F-94A6-7A81F2DC5C99}.Debug|Any CPU.ActiveCfg = Debug|Any CPU
		{463A7D3D-3B48-440F-94A6-7A81F2DC5C99}.Debug|Any CPU.Build.0 = Debug|Any CPU
		{463A7D3D-3B48-440F-94A6-7A81F2DC5C99}.Release|Any CPU.ActiveCfg = Release|Any CPU
		{463A7D3D-3B48-440F-94A6-7A81F2DC5C99}.Release|Any CPU.Build.0 = Release|Any CPU
		{958B8F9C-4877-4CF4-AD90-96C079885C28}.Debug|Any CPU.ActiveCfg = Debug|Any CPU
		{958B8F9C-4877-4CF4-AD90-96C079885C28}.Debug|Any CPU.Build.0 = Debug|Any CPU
		{958B8F9C-4877-4CF4-AD90-96C079885C28}.Release|Any CPU.ActiveCfg = Release|Any CPU
		{958B8F9C-4877-4CF4-AD90-96C079885C28}.Release|Any CPU.Build.0 = Release|Any CPU
		{29358968-0142-44D2-93F7-450D9EB5001B}.Debug|Any CPU.ActiveCfg = Debug|Any CPU
		{29358968-0142-44D2-93F7-450D9EB5001B}.Debug|Any CPU.Build.0 = Debug|Any CPU
		{29358968-0142-44D2-93F7-450D9EB5001B}.Release|Any CPU.ActiveCfg = Release|Any CPU
		{29358968-0142-44D2-93F7-450D9EB5001B}.Release|Any CPU.Build.0 = Release|Any CPU
		{8CF1F18E-704A-456F-8D52-36BAFF1858CD}.Debug|Any CPU.ActiveCfg = Debug|Any CPU
		{8CF1F18E-704A-456F-8D52-36BAFF1858CD}.Debug|Any CPU.Build.0 = Debug|Any CPU
		{8CF1F18E-704A-456F-8D52-36BAFF1858CD}.Release|Any CPU.ActiveCfg = Release|Any CPU
		{8CF1F18E-704A-456F-8D52-36BAFF1858CD}.Release|Any CPU.Build.0 = Release|Any CPU
		{8AAF5B4D-E311-4C02-9CF1-E96D58F9C995}.Debug|Any CPU.ActiveCfg = Debug|Any CPU
		{8AAF5B4D-E311-4C02-9CF1-E96D58F9C995}.Debug|Any CPU.Build.0 = Debug|Any CPU
		{8AAF5B4D-E311-4C02-9CF1-E96D58F9C995}.Release|Any CPU.ActiveCfg = Release|Any CPU
		{8AAF5B4D-E311-4C02-9CF1-E96D58F9C995}.Release|Any CPU.Build.0 = Release|Any CPU
		{0297ACCB-A311-4FBB-9CC0-A55CF0A75E66}.Debug|Any CPU.ActiveCfg = Debug|Any CPU
		{0297ACCB-A311-4FBB-9CC0-A55CF0A75E66}.Debug|Any CPU.Build.0 = Debug|Any CPU
		{0297ACCB-A311-4FBB-9CC0-A55CF0A75E66}.Release|Any CPU.ActiveCfg = Release|Any CPU
		{0297ACCB-A311-4FBB-9CC0-A55CF0A75E66}.Release|Any CPU.Build.0 = Release|Any CPU
		{0456902B-285F-4ABD-B540-608A7F0A87B6}.Debug|Any CPU.ActiveCfg = Debug|Any CPU
		{0456902B-285F-4ABD-B540-608A7F0A87B6}.Debug|Any CPU.Build.0 = Debug|Any CPU
		{0456902B-285F-4ABD-B540-608A7F0A87B6}.Release|Any CPU.ActiveCfg = Release|Any CPU
		{0456902B-285F-4ABD-B540-608A7F0A87B6}.Release|Any CPU.Build.0 = Release|Any CPU
		{395E4C5D-7350-4D35-BC0C-0AC44641CE2C}.Debug|Any CPU.ActiveCfg = Debug|Any CPU
		{395E4C5D-7350-4D35-BC0C-0AC44641CE2C}.Debug|Any CPU.Build.0 = Debug|Any CPU
		{395E4C5D-7350-4D35-BC0C-0AC44641CE2C}.Release|Any CPU.ActiveCfg = Release|Any CPU
		{395E4C5D-7350-4D35-BC0C-0AC44641CE2C}.Release|Any CPU.Build.0 = Release|Any CPU
		{C865531E-0BBA-4B16-96C1-67B685F14E1C}.Debug|Any CPU.ActiveCfg = Debug|Any CPU
		{C865531E-0BBA-4B16-96C1-67B685F14E1C}.Debug|Any CPU.Build.0 = Debug|Any CPU
		{C865531E-0BBA-4B16-96C1-67B685F14E1C}.Release|Any CPU.ActiveCfg = Release|Any CPU
		{C865531E-0BBA-4B16-96C1-67B685F14E1C}.Release|Any CPU.Build.0 = Release|Any CPU
		{6A4881EC-A9DE-41B5-8859-AA41B6AB12F8}.Debug|Any CPU.ActiveCfg = Debug|Any CPU
		{6A4881EC-A9DE-41B5-8859-AA41B6AB12F8}.Debug|Any CPU.Build.0 = Debug|Any CPU
		{6A4881EC-A9DE-41B5-8859-AA41B6AB12F8}.Release|Any CPU.ActiveCfg = Release|Any CPU
		{6A4881EC-A9DE-41B5-8859-AA41B6AB12F8}.Release|Any CPU.Build.0 = Release|Any CPU
		{5ABE2930-468B-4CCA-A6F0-DE6E77901427}.Debug|Any CPU.ActiveCfg = Debug|Any CPU
		{5ABE2930-468B-4CCA-A6F0-DE6E77901427}.Debug|Any CPU.Build.0 = Debug|Any CPU
		{5ABE2930-468B-4CCA-A6F0-DE6E77901427}.Release|Any CPU.ActiveCfg = Release|Any CPU
		{5ABE2930-468B-4CCA-A6F0-DE6E77901427}.Release|Any CPU.Build.0 = Release|Any CPU
		{2D72CB28-1390-43B0-93A8-CE5332BE4BA0}.Debug|Any CPU.ActiveCfg = Debug|Any CPU
		{2D72CB28-1390-43B0-93A8-CE5332BE4BA0}.Debug|Any CPU.Build.0 = Debug|Any CPU
		{2D72CB28-1390-43B0-93A8-CE5332BE4BA0}.Release|Any CPU.ActiveCfg = Release|Any CPU
		{2D72CB28-1390-43B0-93A8-CE5332BE4BA0}.Release|Any CPU.Build.0 = Release|Any CPU
		{EFBF8A7E-8B37-42B6-A607-F5B9BB25C4AA}.Debug|Any CPU.ActiveCfg = Debug|Any CPU
		{EFBF8A7E-8B37-42B6-A607-F5B9BB25C4AA}.Debug|Any CPU.Build.0 = Debug|Any CPU
		{EFBF8A7E-8B37-42B6-A607-F5B9BB25C4AA}.Release|Any CPU.ActiveCfg = Release|Any CPU
		{EFBF8A7E-8B37-42B6-A607-F5B9BB25C4AA}.Release|Any CPU.Build.0 = Release|Any CPU
		{B78A105A-1548-445E-8E1A-163A3A4DA9D6}.Debug|Any CPU.ActiveCfg = Debug|Any CPU
		{B78A105A-1548-445E-8E1A-163A3A4DA9D6}.Debug|Any CPU.Build.0 = Debug|Any CPU
		{B78A105A-1548-445E-8E1A-163A3A4DA9D6}.Release|Any CPU.ActiveCfg = Release|Any CPU
		{B78A105A-1548-445E-8E1A-163A3A4DA9D6}.Release|Any CPU.Build.0 = Release|Any CPU
		{E4C30D2B-FACD-47DC-826D-95FFD4831969}.Debug|Any CPU.ActiveCfg = Debug|Any CPU
		{E4C30D2B-FACD-47DC-826D-95FFD4831969}.Debug|Any CPU.Build.0 = Debug|Any CPU
		{E4C30D2B-FACD-47DC-826D-95FFD4831969}.Release|Any CPU.ActiveCfg = Release|Any CPU
		{E4C30D2B-FACD-47DC-826D-95FFD4831969}.Release|Any CPU.Build.0 = Release|Any CPU
	EndGlobalSection
	GlobalSection(SolutionProperties) = preSolution
		HideSolutionNode = FALSE
	EndGlobalSection
EndGlobal
