
Microsoft Visual Studio Solution File, Format Version 12.00
# Visual Studio 2012
Project("{FAE04EC0-301F-11D3-BF4B-00C04F79EFBC}") = "UsingNextSibling", "UsingNextSibling.csproj", "{856D3C07-1FA4-42B3-99A9-EF398B99F0E7}"
EndProject
Project("{FAE04EC0-301F-11D3-BF4B-00C04F79EFBC}") = "TestNextSiblingUI", "TestNextSiblingUI\TestNextSiblingUI.csproj", "{D7AF9CC2-6D4A-4DD5-8A32-B2C5D7D5A34F}"
EndProject
Project("{FAE04EC0-301F-11D3-BF4B-00C04F79EFBC}") = "UsingNextSiblingWin", "TestNextSiblingUIWin\UsingNextSiblingWin.csproj", "{745FBCFA-B308-45F0-AC4D-133D37B42519}"
EndProject
Global
	GlobalSection(SolutionConfigurationPlatforms) = preSolution
		Debug|Any CPU = Debug|Any CPU
		Release|Any CPU = Release|Any CPU
	EndGlobalSection
	GlobalSection(ProjectConfigurationPlatforms) = postSolution
		{856D3C07-1FA4-42B3-99A9-EF398B99F0E7}.Debug|Any CPU.ActiveCfg = Debug|Any CPU
		{856D3C07-1FA4-42B3-99A9-EF398B99F0E7}.Debug|Any CPU.Build.0 = Debug|Any CPU
		{856D3C07-1FA4-42B3-99A9-EF398B99F0E7}.Release|Any CPU.ActiveCfg = Release|Any CPU
		{856D3C07-1FA4-42B3-99A9-EF398B99F0E7}.Release|Any CPU.Build.0 = Release|Any CPU
		{D7AF9CC2-6D4A-4DD5-8A32-B2C5D7D5A34F}.Debug|Any CPU.ActiveCfg = Debug|Any CPU
		{D7AF9CC2-6D4A-4DD5-8A32-B2C5D7D5A34F}.Debug|Any CPU.Build.0 = Debug|Any CPU
		{D7AF9CC2-6D4A-4DD5-8A32-B2C5D7D5A34F}.Release|Any CPU.ActiveCfg = Release|Any CPU
		{D7AF9CC2-6D4A-4DD5-8A32-B2C5D7D5A34F}.Release|Any CPU.Build.0 = Release|Any CPU
		{745FBCFA-B308-45F0-AC4D-133D37B42519}.Debug|Any CPU.ActiveCfg = Debug|Any CPU
		{745FBCFA-B308-45F0-AC4D-133D37B42519}.Debug|Any CPU.Build.0 = Debug|Any CPU
		{745FBCFA-B308-45F0-AC4D-133D37B42519}.Release|Any CPU.ActiveCfg = Release|Any CPU
		{745FBCFA-B308-45F0-AC4D-133D37B42519}.Release|Any CPU.Build.0 = Release|Any CPU
	EndGlobalSection
	GlobalSection(SolutionProperties) = preSolution
		HideSolutionNode = FALSE
	EndGlobalSection
EndGlobal
