
Microsoft Visual Studio Solution File, Format Version 12.00
# Visual Studio 2012
Project("{FAE04EC0-301F-11D3-BF4B-00C04F79EFBC}") = "continueOnError", "continueOnError.csproj", "{0C625898-F3D3-4C36-990B-0AAFFCB1237C}"
EndProject
Project("{FAE04EC0-301F-11D3-BF4B-00C04F79EFBC}") = "ContinueOnErrorUITest", "ContinueOnErrorUITest\ContinueOnErrorUITest.csproj", "{29DB6409-5D10-46B9-AC3A-163F00A25AE9}"
EndProject
Global
	GlobalSection(SolutionConfigurationPlatforms) = preSolution
		Debug|Any CPU = Debug|Any CPU
		Release|Any CPU = Release|Any CPU
	EndGlobalSection
	GlobalSection(ProjectConfigurationPlatforms) = postSolution
		{0C625898-F3D3-4C36-990B-0AAFFCB1237C}.Debug|Any CPU.ActiveCfg = Debug|Any CPU
		{0C625898-F3D3-4C36-990B-0AAFFCB1237C}.Debug|Any CPU.Build.0 = Debug|Any CPU
		{0C625898-F3D3-4C36-990B-0AAFFCB1237C}.Release|Any CPU.ActiveCfg = Release|Any CPU
		{0C625898-F3D3-4C36-990B-0AAFFCB1237C}.Release|Any CPU.Build.0 = Release|Any CPU
		{29DB6409-5D10-46B9-AC3A-163F00A25AE9}.Debug|Any CPU.ActiveCfg = Debug|Any CPU
		{29DB6409-5D10-46B9-AC3A-163F00A25AE9}.Debug|Any CPU.Build.0 = Debug|Any CPU
		{29DB6409-5D10-46B9-AC3A-163F00A25AE9}.Release|Any CPU.ActiveCfg = Release|Any CPU
		{29DB6409-5D10-46B9-AC3A-163F00A25AE9}.Release|Any CPU.Build.0 = Release|Any CPU
	EndGlobalSection
	GlobalSection(SolutionProperties) = preSolution
		HideSolutionNode = FALSE
	EndGlobalSection
EndGlobal
